
Microsoft Visual Studio Solution File, Format Version 12.00
# Visual Studio 2013
VisualStudioVersion = 12.0.21005.1
MinimumVisualStudioVersion = 10.0.40219.1
Project("{FAE04EC0-301F-11D3-BF4B-00C04F79EFBC}") = "Demo", "Demo\Demo.csproj", "{8645FCCA-DBF1-44A6-A049-D9BF7014BAB3}"
EndProject
Project("{FAE04EC0-301F-11D3-BF4B-00C04F79EFBC}") = "Fizbin.Kinect.Gestures", "..\..\..\..\Desktop\CS 422\Fizbin.Kinect.Gestures-master\Fizbin.Kinect.Gestures-master\Fizbin.Kinect.Gestures\Fizbin.Kinect.Gestures.csproj", "{7471719C-9BD5-42BA-B42B-BB5663EEBBC3}"
EndProject
Project("{FAE04EC0-301F-11D3-BF4B-00C04F79EFBC}") = "Microsoft.Samples.Kinect.WpfViewers", "..\..\..\..\..\..\Program Files\Microsoft SDKs\Kinect\Developer Toolkit v1.8.0\Samples\C#\KinectWpfViewers\Microsoft.Samples.Kinect.WpfViewers.csproj", "{4DE23893-27E7-423F-9BB6-BA21DAC2C45E}"
EndProject
Global
	GlobalSection(SolutionConfigurationPlatforms) = preSolution
		Debug|Any CPU = Debug|Any CPU
		Release|Any CPU = Release|Any CPU
	EndGlobalSection
	GlobalSection(ProjectConfigurationPlatforms) = postSolution
		{8645FCCA-DBF1-44A6-A049-D9BF7014BAB3}.Debug|Any CPU.ActiveCfg = Debug|Any CPU
		{8645FCCA-DBF1-44A6-A049-D9BF7014BAB3}.Debug|Any CPU.Build.0 = Debug|Any CPU
		{8645FCCA-DBF1-44A6-A049-D9BF7014BAB3}.Release|Any CPU.ActiveCfg = Release|Any CPU
		{8645FCCA-DBF1-44A6-A049-D9BF7014BAB3}.Release|Any CPU.Build.0 = Release|Any CPU
		{7471719C-9BD5-42BA-B42B-BB5663EEBBC3}.Debug|Any CPU.ActiveCfg = Debug|Any CPU
		{7471719C-9BD5-42BA-B42B-BB5663EEBBC3}.Debug|Any CPU.Build.0 = Debug|Any CPU
		{7471719C-9BD5-42BA-B42B-BB5663EEBBC3}.Release|Any CPU.ActiveCfg = Release|Any CPU
		{7471719C-9BD5-42BA-B42B-BB5663EEBBC3}.Release|Any CPU.Build.0 = Release|Any CPU
		{4DE23893-27E7-423F-9BB6-BA21DAC2C45E}.Debug|Any CPU.ActiveCfg = Debug|Any CPU
		{4DE23893-27E7-423F-9BB6-BA21DAC2C45E}.Debug|Any CPU.Build.0 = Debug|Any CPU
		{4DE23893-27E7-423F-9BB6-BA21DAC2C45E}.Release|Any CPU.ActiveCfg = Release|Any CPU
		{4DE23893-27E7-423F-9BB6-BA21DAC2C45E}.Release|Any CPU.Build.0 = Release|Any CPU
	EndGlobalSection
	GlobalSection(SolutionProperties) = preSolution
		HideSolutionNode = FALSE
	EndGlobalSection
EndGlobal
